
Microsoft Visual Studio Solution File, Format Version 12.00
# Visual Studio Version 16
VisualStudioVersion = 16.0.30907.101
MinimumVisualStudioVersion = 10.0.40219.1
Project("{FAE04EC0-301F-11D3-BF4B-00C04F79EFBC}") = "WarSimulator", "WarSimulator.csproj", "{6263CE4D-3186-4546-8855-6BB442C97249}"
EndProject
Global
	GlobalSection(SolutionConfigurationPlatforms) = preSolution
		Debug|Any CPU = Debug|Any CPU
		Release|Any CPU = Release|Any CPU
	EndGlobalSection
	GlobalSection(ProjectConfigurationPlatforms) = postSolution
		{6263CE4D-3186-4546-8855-6BB442C97249}.Debug|Any CPU.ActiveCfg = Debug|Any CPU
		{6263CE4D-3186-4546-8855-6BB442C97249}.Debug|Any CPU.Build.0 = Debug|Any CPU
		{6263CE4D-3186-4546-8855-6BB442C97249}.Release|Any CPU.ActiveCfg = Release|Any CPU
		{6263CE4D-3186-4546-8855-6BB442C97249}.Release|Any CPU.Build.0 = Release|Any CPU
	EndGlobalSection
	GlobalSection(SolutionProperties) = preSolution
		HideSolutionNode = FALSE
	EndGlobalSection
	GlobalSection(ExtensibilityGlobals) = postSolution
		SolutionGuid = {2271F5AC-EE00-40EC-ACB7-1767163FAA3D}
	EndGlobalSection
EndGlobal
